// !$*UTF8*$!
{
	archiveVersion = 1;
	classes = {
	};
	objectVersion = 46;
	objects = {

/* Begin PBXBuildFile section */
		273230B864C5760A2F654E5B /* Pods_StreamerAPPUITests.framework in Frameworks */ = {isa = PBXBuildFile; fileRef = 71800AA2F2FE72D084CAB1A1 /* Pods_StreamerAPPUITests.framework */; };
		2F906FD1D299B2248ECEFEE9 /* Pods_StreamerAPP.framework in Frameworks */ = {isa = PBXBuildFile; fileRef = 9BCF0D7D32BF492D5762BCF0 /* Pods_StreamerAPP.framework */; };
		A69527FC2D924E5454238AE2 /* Pods_StreamerAPPTests.framework in Frameworks */ = {isa = PBXBuildFile; fileRef = F5CA6173EAB0C12DD975A899 /* Pods_StreamerAPPTests.framework */; };
		E008F26B1E56ED41004A1329 /* MainScreen.storyboard in Resources */ = {isa = PBXBuildFile; fileRef = E008F26A1E56ED41004A1329 /* MainScreen.storyboard */; };
		E011E6DF1E5D96C200854CBA /* MainViewController.swift in Sources */ = {isa = PBXBuildFile; fileRef = E011E6DE1E5D96C200854CBA /* MainViewController.swift */; };
		E078EEC51E4FD64600AC33BA /* AppDelegate.swift in Sources */ = {isa = PBXBuildFile; fileRef = E078EEC41E4FD64600AC33BA /* AppDelegate.swift */; };
		E078EEC71E4FD64600AC33BA /* ViewController.swift in Sources */ = {isa = PBXBuildFile; fileRef = E078EEC61E4FD64600AC33BA /* ViewController.swift */; };
		E078EECA1E4FD64600AC33BA /* Main.storyboard in Resources */ = {isa = PBXBuildFile; fileRef = E078EEC81E4FD64600AC33BA /* Main.storyboard */; };
		E078EECC1E4FD64600AC33BA /* Assets.xcassets in Resources */ = {isa = PBXBuildFile; fileRef = E078EECB1E4FD64600AC33BA /* Assets.xcassets */; };
		E078EECF1E4FD64600AC33BA /* LaunchScreen.storyboard in Resources */ = {isa = PBXBuildFile; fileRef = E078EECD1E4FD64600AC33BA /* LaunchScreen.storyboard */; };
		E078EEDA1E4FD64600AC33BA /* StreamerAPPTests.swift in Sources */ = {isa = PBXBuildFile; fileRef = E078EED91E4FD64600AC33BA /* StreamerAPPTests.swift */; };
		E078EEE51E4FD64600AC33BA /* StreamerAPPUITests.swift in Sources */ = {isa = PBXBuildFile; fileRef = E078EEE41E4FD64600AC33BA /* StreamerAPPUITests.swift */; };
/* End PBXBuildFile section */

/* Begin PBXContainerItemProxy section */
		E078EED61E4FD64600AC33BA /* PBXContainerItemProxy */ = {
			isa = PBXContainerItemProxy;
			containerPortal = E078EEB91E4FD64600AC33BA /* Project object */;
			proxyType = 1;
			remoteGlobalIDString = E078EEC01E4FD64600AC33BA;
			remoteInfo = StreamerAPP;
		};
		E078EEE11E4FD64600AC33BA /* PBXContainerItemProxy */ = {
			isa = PBXContainerItemProxy;
			containerPortal = E078EEB91E4FD64600AC33BA /* Project object */;
			proxyType = 1;
			remoteGlobalIDString = E078EEC01E4FD64600AC33BA;
			remoteInfo = StreamerAPP;
		};
/* End PBXContainerItemProxy section */

/* Begin PBXFileReference section */
		3D4746289A2C5918BEB42F27 /* Pods-StreamerAPP.debug.xcconfig */ = {isa = PBXFileReference; includeInIndex = 1; lastKnownFileType = text.xcconfig; name = "Pods-StreamerAPP.debug.xcconfig"; path = "Pods/Target Support Files/Pods-StreamerAPP/Pods-StreamerAPP.debug.xcconfig"; sourceTree = "<group>"; };
		605A474D4EE23F3F81897E56 /* Pods-StreamerAPP.release.xcconfig */ = {isa = PBXFileReference; includeInIndex = 1; lastKnownFileType = text.xcconfig; name = "Pods-StreamerAPP.release.xcconfig"; path = "Pods/Target Support Files/Pods-StreamerAPP/Pods-StreamerAPP.release.xcconfig"; sourceTree = "<group>"; };
		71800AA2F2FE72D084CAB1A1 /* Pods_StreamerAPPUITests.framework */ = {isa = PBXFileReference; explicitFileType = wrapper.framework; includeInIndex = 0; path = Pods_StreamerAPPUITests.framework; sourceTree = BUILT_PRODUCTS_DIR; };
		94721EC9E9FDE7780CB5EF55 /* Pods-StreamerAPPUITests.debug.xcconfig */ = {isa = PBXFileReference; includeInIndex = 1; lastKnownFileType = text.xcconfig; name = "Pods-StreamerAPPUITests.debug.xcconfig"; path = "Pods/Target Support Files/Pods-StreamerAPPUITests/Pods-StreamerAPPUITests.debug.xcconfig"; sourceTree = "<group>"; };
		9BCF0D7D32BF492D5762BCF0 /* Pods_StreamerAPP.framework */ = {isa = PBXFileReference; explicitFileType = wrapper.framework; includeInIndex = 0; path = Pods_StreamerAPP.framework; sourceTree = BUILT_PRODUCTS_DIR; };
		B991EC71F99534D7E8751CD7 /* Pods-StreamerAPPUITests.release.xcconfig */ = {isa = PBXFileReference; includeInIndex = 1; lastKnownFileType = text.xcconfig; name = "Pods-StreamerAPPUITests.release.xcconfig"; path = "Pods/Target Support Files/Pods-StreamerAPPUITests/Pods-StreamerAPPUITests.release.xcconfig"; sourceTree = "<group>"; };
		DD4BA601426862F89248AC63 /* Pods-StreamerAPPTests.release.xcconfig */ = {isa = PBXFileReference; includeInIndex = 1; lastKnownFileType = text.xcconfig; name = "Pods-StreamerAPPTests.release.xcconfig"; path = "Pods/Target Support Files/Pods-StreamerAPPTests/Pods-StreamerAPPTests.release.xcconfig"; sourceTree = "<group>"; };
		DD5E818B79963C2A81BE606D /* Pods-StreamerAPPTests.debug.xcconfig */ = {isa = PBXFileReference; includeInIndex = 1; lastKnownFileType = text.xcconfig; name = "Pods-StreamerAPPTests.debug.xcconfig"; path = "Pods/Target Support Files/Pods-StreamerAPPTests/Pods-StreamerAPPTests.debug.xcconfig"; sourceTree = "<group>"; };
		E008F26A1E56ED41004A1329 /* MainScreen.storyboard */ = {isa = PBXFileReference; fileEncoding = 4; lastKnownFileType = file.storyboard; path = MainScreen.storyboard; sourceTree = "<group>"; };
		E011E6DE1E5D96C200854CBA /* MainViewController.swift */ = {isa = PBXFileReference; fileEncoding = 4; lastKnownFileType = sourcecode.swift; path = MainViewController.swift; sourceTree = "<group>"; };
		E078EEC11E4FD64600AC33BA /* StreamerAPP.app */ = {isa = PBXFileReference; explicitFileType = wrapper.application; includeInIndex = 0; path = StreamerAPP.app; sourceTree = BUILT_PRODUCTS_DIR; };
		E078EEC41E4FD64600AC33BA /* AppDelegate.swift */ = {isa = PBXFileReference; lastKnownFileType = sourcecode.swift; path = AppDelegate.swift; sourceTree = "<group>"; };
		E078EEC61E4FD64600AC33BA /* ViewController.swift */ = {isa = PBXFileReference; lastKnownFileType = sourcecode.swift; path = ViewController.swift; sourceTree = "<group>"; };
		E078EEC91E4FD64600AC33BA /* Base */ = {isa = PBXFileReference; lastKnownFileType = file.storyboard; name = Base; path = Base.lproj/Main.storyboard; sourceTree = "<group>"; };
		E078EECB1E4FD64600AC33BA /* Assets.xcassets */ = {isa = PBXFileReference; lastKnownFileType = folder.assetcatalog; path = Assets.xcassets; sourceTree = "<group>"; };
		E078EECE1E4FD64600AC33BA /* Base */ = {isa = PBXFileReference; lastKnownFileType = file.storyboard; name = Base; path = Base.lproj/LaunchScreen.storyboard; sourceTree = "<group>"; };
		E078EED01E4FD64600AC33BA /* Info.plist */ = {isa = PBXFileReference; lastKnownFileType = text.plist.xml; path = Info.plist; sourceTree = "<group>"; };
		E078EED51E4FD64600AC33BA /* StreamerAPPTests.xctest */ = {isa = PBXFileReference; explicitFileType = wrapper.cfbundle; includeInIndex = 0; path = StreamerAPPTests.xctest; sourceTree = BUILT_PRODUCTS_DIR; };
		E078EED91E4FD64600AC33BA /* StreamerAPPTests.swift */ = {isa = PBXFileReference; lastKnownFileType = sourcecode.swift; path = StreamerAPPTests.swift; sourceTree = "<group>"; };
		E078EEDB1E4FD64600AC33BA /* Info.plist */ = {isa = PBXFileReference; lastKnownFileType = text.plist.xml; path = Info.plist; sourceTree = "<group>"; };
		E078EEE01E4FD64600AC33BA /* StreamerAPPUITests.xctest */ = {isa = PBXFileReference; explicitFileType = wrapper.cfbundle; includeInIndex = 0; path = StreamerAPPUITests.xctest; sourceTree = BUILT_PRODUCTS_DIR; };
		E078EEE41E4FD64600AC33BA /* StreamerAPPUITests.swift */ = {isa = PBXFileReference; lastKnownFileType = sourcecode.swift; path = StreamerAPPUITests.swift; sourceTree = "<group>"; };
		E078EEE61E4FD64600AC33BA /* Info.plist */ = {isa = PBXFileReference; lastKnownFileType = text.plist.xml; path = Info.plist; sourceTree = "<group>"; };
		F5CA6173EAB0C12DD975A899 /* Pods_StreamerAPPTests.framework */ = {isa = PBXFileReference; explicitFileType = wrapper.framework; includeInIndex = 0; path = Pods_StreamerAPPTests.framework; sourceTree = BUILT_PRODUCTS_DIR; };
/* End PBXFileReference section */

/* Begin PBXFrameworksBuildPhase section */
		E078EEBE1E4FD64600AC33BA /* Frameworks */ = {
			isa = PBXFrameworksBuildPhase;
			buildActionMask = 2147483647;
			files = (
				2F906FD1D299B2248ECEFEE9 /* Pods_StreamerAPP.framework in Frameworks */,
			);
			runOnlyForDeploymentPostprocessing = 0;
		};
		E078EED21E4FD64600AC33BA /* Frameworks */ = {
			isa = PBXFrameworksBuildPhase;
			buildActionMask = 2147483647;
			files = (
				A69527FC2D924E5454238AE2 /* Pods_StreamerAPPTests.framework in Frameworks */,
			);
			runOnlyForDeploymentPostprocessing = 0;
		};
		E078EEDD1E4FD64600AC33BA /* Frameworks */ = {
			isa = PBXFrameworksBuildPhase;
			buildActionMask = 2147483647;
			files = (
				273230B864C5760A2F654E5B /* Pods_StreamerAPPUITests.framework in Frameworks */,
			);
			runOnlyForDeploymentPostprocessing = 0;
		};
/* End PBXFrameworksBuildPhase section */

/* Begin PBXGroup section */
		5C883F2F3A72C3D2E9A7C01C /* Pods */ = {
			isa = PBXGroup;
			children = (
				3D4746289A2C5918BEB42F27 /* Pods-StreamerAPP.debug.xcconfig */,
				605A474D4EE23F3F81897E56 /* Pods-StreamerAPP.release.xcconfig */,
				DD5E818B79963C2A81BE606D /* Pods-StreamerAPPTests.debug.xcconfig */,
				DD4BA601426862F89248AC63 /* Pods-StreamerAPPTests.release.xcconfig */,
				94721EC9E9FDE7780CB5EF55 /* Pods-StreamerAPPUITests.debug.xcconfig */,
				B991EC71F99534D7E8751CD7 /* Pods-StreamerAPPUITests.release.xcconfig */,
			);
			name = Pods;
			sourceTree = "<group>";
		};
		9E9C06FED3A674BC41B90F69 /* Frameworks */ = {
			isa = PBXGroup;
			children = (
				9BCF0D7D32BF492D5762BCF0 /* Pods_StreamerAPP.framework */,
				F5CA6173EAB0C12DD975A899 /* Pods_StreamerAPPTests.framework */,
				71800AA2F2FE72D084CAB1A1 /* Pods_StreamerAPPUITests.framework */,
			);
			name = Frameworks;
			sourceTree = "<group>";
		};
		E008F2691E56ED19004A1329 /* Main Screen */ = {
			isa = PBXGroup;
			children = (
				E008F26A1E56ED41004A1329 /* MainScreen.storyboard */,
				E011E6DE1E5D96C200854CBA /* MainViewController.swift */,
			);
			path = "Main Screen";
			sourceTree = "<group>";
		};
		E078EEB81E4FD64600AC33BA = {
			isa = PBXGroup;
			children = (
				E078EEC31E4FD64600AC33BA /* StreamerAPP */,
				E078EED81E4FD64600AC33BA /* StreamerAPPTests */,
				E078EEE31E4FD64600AC33BA /* StreamerAPPUITests */,
				E078EEC21E4FD64600AC33BA /* Products */,
				5C883F2F3A72C3D2E9A7C01C /* Pods */,
				9E9C06FED3A674BC41B90F69 /* Frameworks */,
			);
			sourceTree = "<group>";
		};
		E078EEC21E4FD64600AC33BA /* Products */ = {
			isa = PBXGroup;
			children = (
				E078EEC11E4FD64600AC33BA /* StreamerAPP.app */,
				E078EED51E4FD64600AC33BA /* StreamerAPPTests.xctest */,
				E078EEE01E4FD64600AC33BA /* StreamerAPPUITests.xctest */,
			);
			name = Products;
			sourceTree = "<group>";
		};
		E078EEC31E4FD64600AC33BA /* StreamerAPP */ = {
			isa = PBXGroup;
			children = (
				E008F2691E56ED19004A1329 /* Main Screen */,
				E078EEC41E4FD64600AC33BA /* AppDelegate.swift */,
				E078EEC61E4FD64600AC33BA /* ViewController.swift */,
				E078EEC81E4FD64600AC33BA /* Main.storyboard */,
				E078EECB1E4FD64600AC33BA /* Assets.xcassets */,
				E078EECD1E4FD64600AC33BA /* LaunchScreen.storyboard */,
				E078EED01E4FD64600AC33BA /* Info.plist */,
			);
			path = StreamerAPP;
			sourceTree = "<group>";
		};
		E078EED81E4FD64600AC33BA /* StreamerAPPTests */ = {
			isa = PBXGroup;
			children = (
				E078EED91E4FD64600AC33BA /* StreamerAPPTests.swift */,
				E078EEDB1E4FD64600AC33BA /* Info.plist */,
			);
			path = StreamerAPPTests;
			sourceTree = "<group>";
		};
		E078EEE31E4FD64600AC33BA /* StreamerAPPUITests */ = {
			isa = PBXGroup;
			children = (
				E078EEE41E4FD64600AC33BA /* StreamerAPPUITests.swift */,
				E078EEE61E4FD64600AC33BA /* Info.plist */,
			);
			path = StreamerAPPUITests;
			sourceTree = "<group>";
		};
/* End PBXGroup section */

/* Begin PBXNativeTarget section */
		E078EEC01E4FD64600AC33BA /* StreamerAPP */ = {
			isa = PBXNativeTarget;
			buildConfigurationList = E078EEE91E4FD64600AC33BA /* Build configuration list for PBXNativeTarget "StreamerAPP" */;
			buildPhases = (
				F01836EBCD3B59573E798FAE /* [CP] Check Pods Manifest.lock */,
				E078EEBD1E4FD64600AC33BA /* Sources */,
				E078EEBE1E4FD64600AC33BA /* Frameworks */,
				E078EEBF1E4FD64600AC33BA /* Resources */,
				1598B3636A393FCADBF68194 /* [CP] Embed Pods Frameworks */,
				F281D356B1BFD5247F17B713 /* [CP] Copy Pods Resources */,
			);
			buildRules = (
			);
			dependencies = (
			);
			name = StreamerAPP;
			productName = StreamerAPP;
			productReference = E078EEC11E4FD64600AC33BA /* StreamerAPP.app */;
			productType = "com.apple.product-type.application";
		};
		E078EED41E4FD64600AC33BA /* StreamerAPPTests */ = {
			isa = PBXNativeTarget;
			buildConfigurationList = E078EEEC1E4FD64600AC33BA /* Build configuration list for PBXNativeTarget "StreamerAPPTests" */;
			buildPhases = (
				A45CF85CE6A0CA8408A9F129 /* [CP] Check Pods Manifest.lock */,
				E078EED11E4FD64600AC33BA /* Sources */,
				E078EED21E4FD64600AC33BA /* Frameworks */,
				E078EED31E4FD64600AC33BA /* Resources */,
				B5B4CB2EAB3683171CA56E1F /* [CP] Embed Pods Frameworks */,
				F3E97B5F94C58E9F169095B4 /* [CP] Copy Pods Resources */,
			);
			buildRules = (
			);
			dependencies = (
				E078EED71E4FD64600AC33BA /* PBXTargetDependency */,
			);
			name = StreamerAPPTests;
			productName = StreamerAPPTests;
			productReference = E078EED51E4FD64600AC33BA /* StreamerAPPTests.xctest */;
			productType = "com.apple.product-type.bundle.unit-test";
		};
		E078EEDF1E4FD64600AC33BA /* StreamerAPPUITests */ = {
			isa = PBXNativeTarget;
			buildConfigurationList = E078EEEF1E4FD64600AC33BA /* Build configuration list for PBXNativeTarget "StreamerAPPUITests" */;
			buildPhases = (
				B4AD6255375D2342B725F46A /* [CP] Check Pods Manifest.lock */,
				E078EEDC1E4FD64600AC33BA /* Sources */,
				E078EEDD1E4FD64600AC33BA /* Frameworks */,
				E078EEDE1E4FD64600AC33BA /* Resources */,
				FFE8A5B610989E7224C2C68D /* [CP] Embed Pods Frameworks */,
				4A5DE3C72EC1502ED7B94584 /* [CP] Copy Pods Resources */,
			);
			buildRules = (
			);
			dependencies = (
				E078EEE21E4FD64600AC33BA /* PBXTargetDependency */,
			);
			name = StreamerAPPUITests;
			productName = StreamerAPPUITests;
			productReference = E078EEE01E4FD64600AC33BA /* StreamerAPPUITests.xctest */;
			productType = "com.apple.product-type.bundle.ui-testing";
		};
/* End PBXNativeTarget section */

/* Begin PBXProject section */
		E078EEB91E4FD64600AC33BA /* Project object */ = {
			isa = PBXProject;
			attributes = {
				LastSwiftUpdateCheck = 0820;
				LastUpgradeCheck = 0820;
				ORGANIZATIONNAME = "Jereb-mac";
				TargetAttributes = {
					E078EEC01E4FD64600AC33BA = {
						CreatedOnToolsVersion = 8.2.1;
						DevelopmentTeam = PS467QMJZQ;
						ProvisioningStyle = Automatic;
					};
					E078EED41E4FD64600AC33BA = {
						CreatedOnToolsVersion = 8.2.1;
						ProvisioningStyle = Automatic;
						TestTargetID = E078EEC01E4FD64600AC33BA;
					};
					E078EEDF1E4FD64600AC33BA = {
						CreatedOnToolsVersion = 8.2.1;
						ProvisioningStyle = Automatic;
						TestTargetID = E078EEC01E4FD64600AC33BA;
					};
				};
			};
			buildConfigurationList = E078EEBC1E4FD64600AC33BA /* Build configuration list for PBXProject "StreamerAPP" */;
			compatibilityVersion = "Xcode 3.2";
			developmentRegion = English;
			hasScannedForEncodings = 0;
			knownRegions = (
				en,
				Base,
			);
			mainGroup = E078EEB81E4FD64600AC33BA;
			productRefGroup = E078EEC21E4FD64600AC33BA /* Products */;
			projectDirPath = "";
			projectRoot = "";
			targets = (
				E078EEC01E4FD64600AC33BA /* StreamerAPP */,
				E078EED41E4FD64600AC33BA /* StreamerAPPTests */,
				E078EEDF1E4FD64600AC33BA /* StreamerAPPUITests */,
			);
		};
/* End PBXProject section */

/* Begin PBXResourcesBuildPhase section */
		E078EEBF1E4FD64600AC33BA /* Resources */ = {
			isa = PBXResourcesBuildPhase;
			buildActionMask = 2147483647;
			files = (
				E078EECF1E4FD64600AC33BA /* LaunchScreen.storyboard in Resources */,
				E008F26B1E56ED41004A1329 /* MainScreen.storyboard in Resources */,
				E078EECC1E4FD64600AC33BA /* Assets.xcassets in Resources */,
				E078EECA1E4FD64600AC33BA /* Main.storyboard in Resources */,
			);
			runOnlyForDeploymentPostprocessing = 0;
		};
		E078EED31E4FD64600AC33BA /* Resources */ = {
			isa = PBXResourcesBuildPhase;
			buildActionMask = 2147483647;
			files = (
			);
			runOnlyForDeploymentPostprocessing = 0;
		};
		E078EEDE1E4FD64600AC33BA /* Resources */ = {
			isa = PBXResourcesBuildPhase;
			buildActionMask = 2147483647;
			files = (
			);
			runOnlyForDeploymentPostprocessing = 0;
		};
/* End PBXResourcesBuildPhase section */

/* Begin PBXShellScriptBuildPhase section */
		1598B3636A393FCADBF68194 /* [CP] Embed Pods Frameworks */ = {
			isa = PBXShellScriptBuildPhase;
			buildActionMask = 2147483647;
			files = (
			);
			inputPaths = (
			);
			name = "[CP] Embed Pods Frameworks";
			outputPaths = (
			);
			runOnlyForDeploymentPostprocessing = 0;
			shellPath = /bin/sh;
			shellScript = "\"${SRCROOT}/Pods/Target Support Files/Pods-StreamerAPP/Pods-StreamerAPP-frameworks.sh\"\n";
			showEnvVarsInLog = 0;
		};
		4A5DE3C72EC1502ED7B94584 /* [CP] Copy Pods Resources */ = {
			isa = PBXShellScriptBuildPhase;
			buildActionMask = 2147483647;
			files = (
			);
			inputPaths = (
			);
			name = "[CP] Copy Pods Resources";
			outputPaths = (
			);
			runOnlyForDeploymentPostprocessing = 0;
			shellPath = /bin/sh;
			shellScript = "\"${SRCROOT}/Pods/Target Support Files/Pods-StreamerAPPUITests/Pods-StreamerAPPUITests-resources.sh\"\n";
			showEnvVarsInLog = 0;
		};
		A45CF85CE6A0CA8408A9F129 /* [CP] Check Pods Manifest.lock */ = {
			isa = PBXShellScriptBuildPhase;
			buildActionMask = 2147483647;
			files = (
			);
			inputPaths = (
			);
			name = "[CP] Check Pods Manifest.lock";
			outputPaths = (
			);
			runOnlyForDeploymentPostprocessing = 0;
			shellPath = /bin/sh;
			shellScript = "diff \"${PODS_ROOT}/../Podfile.lock\" \"${PODS_ROOT}/Manifest.lock\" > /dev/null\nif [ $? != 0 ] ; then\n    # print error to STDERR\n    echo \"error: The sandbox is not in sync with the Podfile.lock. Run 'pod install' or update your CocoaPods installation.\" >&2\n    exit 1\nfi\n";
			showEnvVarsInLog = 0;
		};
		B4AD6255375D2342B725F46A /* [CP] Check Pods Manifest.lock */ = {
			isa = PBXShellScriptBuildPhase;
			buildActionMask = 2147483647;
			files = (
			);
			inputPaths = (
			);
			name = "[CP] Check Pods Manifest.lock";
			outputPaths = (
			);
			runOnlyForDeploymentPostprocessing = 0;
			shellPath = /bin/sh;
			shellScript = "diff \"${PODS_ROOT}/../Podfile.lock\" \"${PODS_ROOT}/Manifest.lock\" > /dev/null\nif [ $? != 0 ] ; then\n    # print error to STDERR\n    echo \"error: The sandbox is not in sync with the Podfile.lock. Run 'pod install' or update your CocoaPods installation.\" >&2\n    exit 1\nfi\n";
			showEnvVarsInLog = 0;
		};
		B5B4CB2EAB3683171CA56E1F /* [CP] Embed Pods Frameworks */ = {
			isa = PBXShellScriptBuildPhase;
			buildActionMask = 2147483647;
			files = (
			);
			inputPaths = (
			);
			name = "[CP] Embed Pods Frameworks";
			outputPaths = (
			);
			runOnlyForDeploymentPostprocessing = 0;
			shellPath = /bin/sh;
			shellScript = "\"${SRCROOT}/Pods/Target Support Files/Pods-StreamerAPPTests/Pods-StreamerAPPTests-frameworks.sh\"\n";
			showEnvVarsInLog = 0;
		};
		F01836EBCD3B59573E798FAE /* [CP] Check Pods Manifest.lock */ = {
			isa = PBXShellScriptBuildPhase;
			buildActionMask = 2147483647;
			files = (
			);
			inputPaths = (
			);
			name = "[CP] Check Pods Manifest.lock";
			outputPaths = (
			);
			runOnlyForDeploymentPostprocessing = 0;
			shellPath = /bin/sh;
			shellScript = "diff \"${PODS_ROOT}/../Podfile.lock\" \"${PODS_ROOT}/Manifest.lock\" > /dev/null\nif [ $? != 0 ] ; then\n    # print error to STDERR\n    echo \"error: The sandbox is not in sync with the Podfile.lock. Run 'pod install' or update your CocoaPods installation.\" >&2\n    exit 1\nfi\n";
			showEnvVarsInLog = 0;
		};
		F281D356B1BFD5247F17B713 /* [CP] Copy Pods Resources */ = {
			isa = PBXShellScriptBuildPhase;
			buildActionMask = 2147483647;
			files = (
			);
			inputPaths = (
			);
			name = "[CP] Copy Pods Resources";
			outputPaths = (
			);
			runOnlyForDeploymentPostprocessing = 0;
			shellPath = /bin/sh;
			shellScript = "\"${SRCROOT}/Pods/Target Support Files/Pods-StreamerAPP/Pods-StreamerAPP-resources.sh\"\n";
			showEnvVarsInLog = 0;
		};
		F3E97B5F94C58E9F169095B4 /* [CP] Copy Pods Resources */ = {
			isa = PBXShellScriptBuildPhase;
			buildActionMask = 2147483647;
			files = (
			);
			inputPaths = (
			);
			name = "[CP] Copy Pods Resources";
			outputPaths = (
			);
			runOnlyForDeploymentPostprocessing = 0;
			shellPath = /bin/sh;
			shellScript = "\"${SRCROOT}/Pods/Target Support Files/Pods-StreamerAPPTests/Pods-StreamerAPPTests-resources.sh\"\n";
			showEnvVarsInLog = 0;
		};
		FFE8A5B610989E7224C2C68D /* [CP] Embed Pods Frameworks */ = {
			isa = PBXShellScriptBuildPhase;
			buildActionMask = 2147483647;
			files = (
			);
			inputPaths = (
			);
			name = "[CP] Embed Pods Frameworks";
			outputPaths = (
			);
			runOnlyForDeploymentPostprocessing = 0;
			shellPath = /bin/sh;
			shellScript = "\"${SRCROOT}/Pods/Target Support Files/Pods-StreamerAPPUITests/Pods-StreamerAPPUITests-frameworks.sh\"\n";
			showEnvVarsInLog = 0;
		};
/* End PBXShellScriptBuildPhase section */

/* Begin PBXSourcesBuildPhase section */
		E078EEBD1E4FD64600AC33BA /* Sources */ = {
			isa = PBXSourcesBuildPhase;
			buildActionMask = 2147483647;
			files = (
				E011E6DF1E5D96C200854CBA /* MainViewController.swift in Sources */,
				E078EEC71E4FD64600AC33BA /* ViewController.swift in Sources */,
				E078EEC51E4FD64600AC33BA /* AppDelegate.swift in Sources */,
			);
			runOnlyForDeploymentPostprocessing = 0;
		};
		E078EED11E4FD64600AC33BA /* Sources */ = {
			isa = PBXSourcesBuildPhase;
			buildActionMask = 2147483647;
			files = (
				E078EEDA1E4FD64600AC33BA /* StreamerAPPTests.swift in Sources */,
			);
			runOnlyForDeploymentPostprocessing = 0;
		};
		E078EEDC1E4FD64600AC33BA /* Sources */ = {
			isa = PBXSourcesBuildPhase;
			buildActionMask = 2147483647;
			files = (
				E078EEE51E4FD64600AC33BA /* StreamerAPPUITests.swift in Sources */,
			);
			runOnlyForDeploymentPostprocessing = 0;
		};
/* End PBXSourcesBuildPhase section */

/* Begin PBXTargetDependency section */
		E078EED71E4FD64600AC33BA /* PBXTargetDependency */ = {
			isa = PBXTargetDependency;
			target = E078EEC01E4FD64600AC33BA /* StreamerAPP */;
			targetProxy = E078EED61E4FD64600AC33BA /* PBXContainerItemProxy */;
		};
		E078EEE21E4FD64600AC33BA /* PBXTargetDependency */ = {
			isa = PBXTargetDependency;
			target = E078EEC01E4FD64600AC33BA /* StreamerAPP */;
			targetProxy = E078EEE11E4FD64600AC33BA /* PBXContainerItemProxy */;
		};
/* End PBXTargetDependency section */

/* Begin PBXVariantGroup section */
		E078EEC81E4FD64600AC33BA /* Main.storyboard */ = {
			isa = PBXVariantGroup;
			children = (
				E078EEC91E4FD64600AC33BA /* Base */,
			);
			name = Main.storyboard;
			sourceTree = "<group>";
		};
		E078EECD1E4FD64600AC33BA /* LaunchScreen.storyboard */ = {
			isa = PBXVariantGroup;
			children = (
				E078EECE1E4FD64600AC33BA /* Base */,
			);
			name = LaunchScreen.storyboard;
			sourceTree = "<group>";
		};
/* End PBXVariantGroup section */

/* Begin XCBuildConfiguration section */
		E078EEE71E4FD64600AC33BA /* Debug */ = {
			isa = XCBuildConfiguration;
			buildSettings = {
				ALWAYS_SEARCH_USER_PATHS = NO;
				CLANG_ANALYZER_NONNULL = YES;
				CLANG_CXX_LANGUAGE_STANDARD = "gnu++0x";
				CLANG_CXX_LIBRARY = "libc++";
				CLANG_ENABLE_MODULES = YES;
				CLANG_ENABLE_OBJC_ARC = YES;
				CLANG_WARN_BOOL_CONVERSION = YES;
				CLANG_WARN_CONSTANT_CONVERSION = YES;
				CLANG_WARN_DIRECT_OBJC_ISA_USAGE = YES_ERROR;
				CLANG_WARN_DOCUMENTATION_COMMENTS = YES;
				CLANG_WARN_EMPTY_BODY = YES;
				CLANG_WARN_ENUM_CONVERSION = YES;
				CLANG_WARN_INFINITE_RECURSION = YES;
				CLANG_WARN_INT_CONVERSION = YES;
				CLANG_WARN_OBJC_ROOT_CLASS = YES_ERROR;
				CLANG_WARN_SUSPICIOUS_MOVE = YES;
				CLANG_WARN_UNREACHABLE_CODE = YES;
				CLANG_WARN__DUPLICATE_METHOD_MATCH = YES;
				"CODE_SIGN_IDENTITY[sdk=iphoneos*]" = "iPhone Developer";
				COPY_PHASE_STRIP = NO;
				DEBUG_INFORMATION_FORMAT = dwarf;
				ENABLE_STRICT_OBJC_MSGSEND = YES;
				ENABLE_TESTABILITY = YES;
				GCC_C_LANGUAGE_STANDARD = gnu99;
				GCC_DYNAMIC_NO_PIC = NO;
				GCC_NO_COMMON_BLOCKS = YES;
				GCC_OPTIMIZATION_LEVEL = 0;
				GCC_PREPROCESSOR_DEFINITIONS = (
					"DEBUG=1",
					"$(inherited)",
				);
				GCC_WARN_64_TO_32_BIT_CONVERSION = YES;
				GCC_WARN_ABOUT_RETURN_TYPE = YES_ERROR;
				GCC_WARN_UNDECLARED_SELECTOR = YES;
				GCC_WARN_UNINITIALIZED_AUTOS = YES_AGGRESSIVE;
				GCC_WARN_UNUSED_FUNCTION = YES;
				GCC_WARN_UNUSED_VARIABLE = YES;
				IPHONEOS_DEPLOYMENT_TARGET = 10.2;
				MTL_ENABLE_DEBUG_INFO = YES;
				ONLY_ACTIVE_ARCH = YES;
				SDKROOT = iphoneos;
				SWIFT_ACTIVE_COMPILATION_CONDITIONS = DEBUG;
				SWIFT_OPTIMIZATION_LEVEL = "-Onone";
				TARGETED_DEVICE_FAMILY = "1,2";
			};
			name = Debug;
		};
		E078EEE81E4FD64600AC33BA /* Release */ = {
			isa = XCBuildConfiguration;
			buildSettings = {
				ALWAYS_SEARCH_USER_PATHS = NO;
				CLANG_ANALYZER_NONNULL = YES;
				CLANG_CXX_LANGUAGE_STANDARD = "gnu++0x";
				CLANG_CXX_LIBRARY = "libc++";
				CLANG_ENABLE_MODULES = YES;
				CLANG_ENABLE_OBJC_ARC = YES;
				CLANG_WARN_BOOL_CONVERSION = YES;
				CLANG_WARN_CONSTANT_CONVERSION = YES;
				CLANG_WARN_DIRECT_OBJC_ISA_USAGE = YES_ERROR;
				CLANG_WARN_DOCUMENTATION_COMMENTS = YES;
				CLANG_WARN_EMPTY_BODY = YES;
				CLANG_WARN_ENUM_CONVERSION = YES;
				CLANG_WARN_INFINITE_RECURSION = YES;
				CLANG_WARN_INT_CONVERSION = YES;
				CLANG_WARN_OBJC_ROOT_CLASS = YES_ERROR;
				CLANG_WARN_SUSPICIOUS_MOVE = YES;
				CLANG_WARN_UNREACHABLE_CODE = YES;
				CLANG_WARN__DUPLICATE_METHOD_MATCH = YES;
				"CODE_SIGN_IDENTITY[sdk=iphoneos*]" = "iPhone Developer";
				COPY_PHASE_STRIP = NO;
				DEBUG_INFORMATION_FORMAT = "dwarf-with-dsym";
				ENABLE_NS_ASSERTIONS = NO;
				ENABLE_STRICT_OBJC_MSGSEND = YES;
				GCC_C_LANGUAGE_STANDARD = gnu99;
				GCC_NO_COMMON_BLOCKS = YES;
				GCC_WARN_64_TO_32_BIT_CONVERSION = YES;
				GCC_WARN_ABOUT_RETURN_TYPE = YES_ERROR;
				GCC_WARN_UNDECLARED_SELECTOR = YES;
				GCC_WARN_UNINITIALIZED_AUTOS = YES_AGGRESSIVE;
				GCC_WARN_UNUSED_FUNCTION = YES;
				GCC_WARN_UNUSED_VARIABLE = YES;
				IPHONEOS_DEPLOYMENT_TARGET = 10.2;
				MTL_ENABLE_DEBUG_INFO = NO;
				SDKROOT = iphoneos;
				SWIFT_OPTIMIZATION_LEVEL = "-Owholemodule";
				TARGETED_DEVICE_FAMILY = "1,2";
				VALIDATE_PRODUCT = YES;
			};
			name = Release;
		};
		E078EEEA1E4FD64600AC33BA /* Debug */ = {
			isa = XCBuildConfiguration;
			baseConfigurationReference = 3D4746289A2C5918BEB42F27 /* Pods-StreamerAPP.debug.xcconfig */;
			buildSettings = {
				ASSETCATALOG_COMPILER_APPICON_NAME = AppIcon;
				DEVELOPMENT_TEAM = PS467QMJZQ;
				INFOPLIST_FILE = StreamerAPP/Info.plist;
				LD_RUNPATH_SEARCH_PATHS = "$(inherited) @executable_path/Frameworks";
				PRODUCT_BUNDLE_IDENTIFIER = jereb.StreamerAPP;
				PRODUCT_NAME = "$(TARGET_NAME)";
				SWIFT_VERSION = 3.0;
			};
			name = Debug;
		};
		E078EEEB1E4FD64600AC33BA /* Release */ = {
			isa = XCBuildConfiguration;
			baseConfigurationReference = 605A474D4EE23F3F81897E56 /* Pods-StreamerAPP.release.xcconfig */;
			buildSettings = {
				ASSETCATALOG_COMPILER_APPICON_NAME = AppIcon;
				DEVELOPMENT_TEAM = PS467QMJZQ;
				INFOPLIST_FILE = StreamerAPP/Info.plist;
				LD_RUNPATH_SEARCH_PATHS = "$(inherited) @executable_path/Frameworks";
				PRODUCT_BUNDLE_IDENTIFIER = jereb.StreamerAPP;
				PRODUCT_NAME = "$(TARGET_NAME)";
				SWIFT_VERSION = 3.0;
			};
			name = Release;
		};
		E078EEED1E4FD64600AC33BA /* Debug */ = {
			isa = XCBuildConfiguration;
			baseConfigurationReference = DD5E818B79963C2A81BE606D /* Pods-StreamerAPPTests.debug.xcconfig */;
			buildSettings = {
				ALWAYS_EMBED_SWIFT_STANDARD_LIBRARIES = YES;
				BUNDLE_LOADER = "$(TEST_HOST)";
				INFOPLIST_FILE = StreamerAPPTests/Info.plist;
				LD_RUNPATH_SEARCH_PATHS = "$(inherited) @executable_path/Frameworks @loader_path/Frameworks";
				PRODUCT_BUNDLE_IDENTIFIER = jereb.StreamerAPPTests;
				PRODUCT_NAME = "$(TARGET_NAME)";
				SWIFT_VERSION = 3.0;
				TEST_HOST = "$(BUILT_PRODUCTS_DIR)/StreamerAPP.app/StreamerAPP";
			};
			name = Debug;
		};
		E078EEEE1E4FD64600AC33BA /* Release */ = {
			isa = XCBuildConfiguration;
			baseConfigurationReference = DD4BA601426862F89248AC63 /* Pods-StreamerAPPTests.release.xcconfig */;
			buildSettings = {
				ALWAYS_EMBED_SWIFT_STANDARD_LIBRARIES = YES;
				BUNDLE_LOADER = "$(TEST_HOST)";
				INFOPLIST_FILE = StreamerAPPTests/Info.plist;
				LD_RUNPATH_SEARCH_PATHS = "$(inherited) @executable_path/Frameworks @loader_path/Frameworks";
				PRODUCT_BUNDLE_IDENTIFIER = jereb.StreamerAPPTests;
				PRODUCT_NAME = "$(TARGET_NAME)";
				SWIFT_VERSION = 3.0;
				TEST_HOST = "$(BUILT_PRODUCTS_DIR)/StreamerAPP.app/StreamerAPP";
			};
			name = Release;
		};
		E078EEF01E4FD64600AC33BA /* Debug */ = {
			isa = XCBuildConfiguration;
			baseConfigurationReference = 94721EC9E9FDE7780CB5EF55 /* Pods-StreamerAPPUITests.debug.xcconfig */;
			buildSettings = {
				ALWAYS_EMBED_SWIFT_STANDARD_LIBRARIES = YES;
				INFOPLIST_FILE = StreamerAPPUITests/Info.plist;
				LD_RUNPATH_SEARCH_PATHS = "$(inherited) @executable_path/Frameworks @loader_path/Frameworks";
				PRODUCT_BUNDLE_IDENTIFIER = jereb.StreamerAPPUITests;
				PRODUCT_NAME = "$(TARGET_NAME)";
				SWIFT_VERSION = 3.0;
				TEST_TARGET_NAME = StreamerAPP;
			};
			name = Debug;
		};
		E078EEF11E4FD64600AC33BA /* Release */ = {
			isa = XCBuildConfiguration;
			baseConfigurationReference = B991EC71F99534D7E8751CD7 /* Pods-StreamerAPPUITests.release.xcconfig */;
			buildSettings = {
				ALWAYS_EMBED_SWIFT_STANDARD_LIBRARIES = YES;
				INFOPLIST_FILE = StreamerAPPUITests/Info.plist;
				LD_RUNPATH_SEARCH_PATHS = "$(inherited) @executable_path/Frameworks @loader_path/Frameworks";
				PRODUCT_BUNDLE_IDENTIFIER = jereb.StreamerAPPUITests;
				PRODUCT_NAME = "$(TARGET_NAME)";
				SWIFT_VERSION = 3.0;
				TEST_TARGET_NAME = StreamerAPP;
			};
			name = Release;
		};
/* End XCBuildConfiguration section */

/* Begin XCConfigurationList section */
		E078EEBC1E4FD64600AC33BA /* Build configuration list for PBXProject "StreamerAPP" */ = {
			isa = XCConfigurationList;
			buildConfigurations = (
				E078EEE71E4FD64600AC33BA /* Debug */,
				E078EEE81E4FD64600AC33BA /* Release */,
			);
			defaultConfigurationIsVisible = 0;
			defaultConfigurationName = Release;
		};
		E078EEE91E4FD64600AC33BA /* Build configuration list for PBXNativeTarget "StreamerAPP" */ = {
			isa = XCConfigurationList;
			buildConfigurations = (
				E078EEEA1E4FD64600AC33BA /* Debug */,
				E078EEEB1E4FD64600AC33BA /* Release */,
			);
			defaultConfigurationIsVisible = 0;
			defaultConfigurationName = Release;
		};
		E078EEEC1E4FD64600AC33BA /* Build configuration list for PBXNativeTarget "StreamerAPPTests" */ = {
			isa = XCConfigurationList;
			buildConfigurations = (
				E078EEED1E4FD64600AC33BA /* Debug */,
				E078EEEE1E4FD64600AC33BA /* Release */,
			);
			defaultConfigurationIsVisible = 0;
			defaultConfigurationName = Release;
		};
		E078EEEF1E4FD64600AC33BA /* Build configuration list for PBXNativeTarget "StreamerAPPUITests" */ = {
			isa = XCConfigurationList;
			buildConfigurations = (
				E078EEF01E4FD64600AC33BA /* Debug */,
				E078EEF11E4FD64600AC33BA /* Release */,
			);
			defaultConfigurationIsVisible = 0;
			defaultConfigurationName = Release;
		};
/* End XCConfigurationList section */
	};
	rootObject = E078EEB91E4FD64600AC33BA /* Project object */;
}
